// !$*UTF8*$!
{
	archiveVersion = 1;
	classes = {
	};
	objectVersion = 77;
	objects = {

/* Begin PBXBuildFile section */
		6F8492922CAC85BB00AA7816 /* iOSDesignSystem in Frameworks */ = {isa = PBXBuildFile; productRef = 6F8492912CAC85BB00AA7816 /* iOSDesignSystem */; };
/* End PBXBuildFile section */

/* Begin PBXContainerItemProxy section */
		6F8491F22CAC838100AA7816 /* PBXContainerItemProxy */ = {
			isa = PBXContainerItemProxy;
			containerPortal = 6F8491D72CAC838000AA7816 /* Project object */;
			proxyType = 1;
			remoteGlobalIDString = 6F8491DE2CAC838000AA7816;
			remoteInfo = coinmaind;
		};
		6F8491FC2CAC838100AA7816 /* PBXContainerItemProxy */ = {
			isa = PBXContainerItemProxy;
			containerPortal = 6F8491D72CAC838000AA7816 /* Project object */;
			proxyType = 1;
			remoteGlobalIDString = 6F8491DE2CAC838000AA7816;
			remoteInfo = coinmaind;
		};
/* End PBXContainerItemProxy section */

/* Begin PBXFileReference section */
		6F8491DF2CAC838000AA7816 /* coinmaind.app */ = {isa = PBXFileReference; explicitFileType = wrapper.application; includeInIndex = 0; path = coinmaind.app; sourceTree = BUILT_PRODUCTS_DIR; };
		6F8491F12CAC838100AA7816 /* coinmaindTests.xctest */ = {isa = PBXFileReference; explicitFileType = wrapper.cfbundle; includeInIndex = 0; path = coinmaindTests.xctest; sourceTree = BUILT_PRODUCTS_DIR; };
		6F8491FB2CAC838100AA7816 /* coinmaindUITests.xctest */ = {isa = PBXFileReference; explicitFileType = wrapper.cfbundle; includeInIndex = 0; path = coinmaindUITests.xctest; sourceTree = BUILT_PRODUCTS_DIR; };
/* End PBXFileReference section */

/* Begin PBXFileSystemSynchronizedRootGroup section */
		6F8491E12CAC838000AA7816 /* coinmaind */ = {
			isa = PBXFileSystemSynchronizedRootGroup;
			path = coinmaind;
			sourceTree = "<group>";
		};
/* End PBXFileSystemSynchronizedRootGroup section */

/* Begin PBXFrameworksBuildPhase section */
		6F8491DC2CAC838000AA7816 /* Frameworks */ = {
			isa = PBXFrameworksBuildPhase;
			buildActionMask = 2147483647;
			files = (
				6F8492922CAC85BB00AA7816 /* iOSDesignSystem in Frameworks */,
			);
			runOnlyForDeploymentPostprocessing = 0;
		};
		6F8491EE2CAC838100AA7816 /* Frameworks */ = {
			isa = PBXFrameworksBuildPhase;
			buildActionMask = 2147483647;
			files = (
			);
			runOnlyForDeploymentPostprocessing = 0;
		};
		6F8491F82CAC838100AA7816 /* Frameworks */ = {
			isa = PBXFrameworksBuildPhase;
			buildActionMask = 2147483647;
			files = (
			);
			runOnlyForDeploymentPostprocessing = 0;
		};
/* End PBXFrameworksBuildPhase section */

/* Begin PBXGroup section */
		6F8491D62CAC838000AA7816 = {
			isa = PBXGroup;
			children = (
				6F8491E12CAC838000AA7816 /* coinmaind */,
				6F8491E02CAC838000AA7816 /* Products */,
			);
			sourceTree = "<group>";
		};
		6F8491E02CAC838000AA7816 /* Products */ = {
			isa = PBXGroup;
			children = (
				6F8491DF2CAC838000AA7816 /* coinmaind.app */,
				6F8491F12CAC838100AA7816 /* coinmaindTests.xctest */,
				6F8491FB2CAC838100AA7816 /* coinmaindUITests.xctest */,
			);
			name = Products;
			sourceTree = "<group>";
		};
/* End PBXGroup section */

/* Begin PBXNativeTarget section */
		6F8491DE2CAC838000AA7816 /* coinmaind */ = {
			isa = PBXNativeTarget;
			buildConfigurationList = 6F8492052CAC838100AA7816 /* Build configuration list for PBXNativeTarget "coinmaind" */;
			buildPhases = (
				6F8491DB2CAC838000AA7816 /* Sources */,
				6F8491DC2CAC838000AA7816 /* Frameworks */,
				6F8491DD2CAC838000AA7816 /* Resources */,
			);
			buildRules = (
			);
			dependencies = (
			);
			fileSystemSynchronizedGroups = (
				6F8491E12CAC838000AA7816 /* coinmaind */,
			);
			name = coinmaind;
			packageProductDependencies = (
				6F8492912CAC85BB00AA7816 /* iOSDesignSystem */,
			);
			productName = coinmaind;
			productReference = 6F8491DF2CAC838000AA7816 /* coinmaind.app */;
			productType = "com.apple.product-type.application";
		};
		6F8491F02CAC838100AA7816 /* coinmaindTests */ = {
			isa = PBXNativeTarget;
			buildConfigurationList = 6F8492082CAC838100AA7816 /* Build configuration list for PBXNativeTarget "coinmaindTests" */;
			buildPhases = (
				6F8491ED2CAC838100AA7816 /* Sources */,
				6F8491EE2CAC838100AA7816 /* Frameworks */,
				6F8491EF2CAC838100AA7816 /* Resources */,
			);
			buildRules = (
			);
			dependencies = (
				6F8491F32CAC838100AA7816 /* PBXTargetDependency */,
			);
			name = coinmaindTests;
			packageProductDependencies = (
			);
			productName = coinmaindTests;
			productReference = 6F8491F12CAC838100AA7816 /* coinmaindTests.xctest */;
			productType = "com.apple.product-type.bundle.unit-test";
		};
		6F8491FA2CAC838100AA7816 /* coinmaindUITests */ = {
			isa = PBXNativeTarget;
			buildConfigurationList = 6F84920B2CAC838100AA7816 /* Build configuration list for PBXNativeTarget "coinmaindUITests" */;
			buildPhases = (
				6F8491F72CAC838100AA7816 /* Sources */,
				6F8491F82CAC838100AA7816 /* Frameworks */,
				6F8491F92CAC838100AA7816 /* Resources */,
			);
			buildRules = (
			);
			dependencies = (
				6F8491FD2CAC838100AA7816 /* PBXTargetDependency */,
			);
			name = coinmaindUITests;
			packageProductDependencies = (
			);
			productName = coinmaindUITests;
			productReference = 6F8491FB2CAC838100AA7816 /* coinmaindUITests.xctest */;
			productType = "com.apple.product-type.bundle.ui-testing";
		};
/* End PBXNativeTarget section */

/* Begin PBXProject section */
		6F8491D72CAC838000AA7816 /* Project object */ = {
			isa = PBXProject;
			attributes = {
				BuildIndependentTargetsInParallel = 1;
				LastSwiftUpdateCheck = 1600;
				LastUpgradeCheck = 1600;
				TargetAttributes = {
					6F8491DE2CAC838000AA7816 = {
						CreatedOnToolsVersion = 16.0;
					};
					6F8491F02CAC838100AA7816 = {
						CreatedOnToolsVersion = 16.0;
						TestTargetID = 6F8491DE2CAC838000AA7816;
					};
					6F8491FA2CAC838100AA7816 = {
						CreatedOnToolsVersion = 16.0;
						TestTargetID = 6F8491DE2CAC838000AA7816;
					};
				};
			};
			buildConfigurationList = 6F8491DA2CAC838000AA7816 /* Build configuration list for PBXProject "coinmaind" */;
			developmentRegion = en;
			hasScannedForEncodings = 0;
			knownRegions = (
				en,
				Base,
			);
			mainGroup = 6F8491D62CAC838000AA7816;
			minimizedProjectReferenceProxies = 1;
			packageReferences = (
				6F8492902CAC85BB00AA7816 /* XCLocalSwiftPackageReference "../iOSDesignSystem" */,
			);
			preferredProjectObjectVersion = 77;
			productRefGroup = 6F8491E02CAC838000AA7816 /* Products */;
			projectDirPath = "";
			projectRoot = "";
			targets = (
				6F8491DE2CAC838000AA7816 /* coinmaind */,
				6F8491F02CAC838100AA7816 /* coinmaindTests */,
				6F8491FA2CAC838100AA7816 /* coinmaindUITests */,
			);
		};
/* End PBXProject section */

/* Begin PBXResourcesBuildPhase section */
		6F8491DD2CAC838000AA7816 /* Resources */ = {
			isa = PBXResourcesBuildPhase;
			buildActionMask = 2147483647;
			files = (
			);
			runOnlyForDeploymentPostprocessing = 0;
		};
		6F8491EF2CAC838100AA7816 /* Resources */ = {
			isa = PBXResourcesBuildPhase;
			buildActionMask = 2147483647;
			files = (
			);
			runOnlyForDeploymentPostprocessing = 0;
		};
		6F8491F92CAC838100AA7816 /* Resources */ = {
			isa = PBXResourcesBuildPhase;
			buildActionMask = 2147483647;
			files = (
			);
			runOnlyForDeploymentPostprocessing = 0;
		};
/* End PBXResourcesBuildPhase section */

/* Begin PBXSourcesBuildPhase section */
		6F8491DB2CAC838000AA7816 /* Sources */ = {
			isa = PBXSourcesBuildPhase;
			buildActionMask = 2147483647;
			files = (
			);
			runOnlyForDeploymentPostprocessing = 0;
		};
		6F8491ED2CAC838100AA7816 /* Sources */ = {
			isa = PBXSourcesBuildPhase;
			buildActionMask = 2147483647;
			files = (
			);
			runOnlyForDeploymentPostprocessing = 0;
		};
		6F8491F72CAC838100AA7816 /* Sources */ = {
			isa = PBXSourcesBuildPhase;
			buildActionMask = 2147483647;
			files = (
			);
			runOnlyForDeploymentPostprocessing = 0;
		};
/* End PBXSourcesBuildPhase section */

/* Begin PBXTargetDependency section */
		6F8491F32CAC838100AA7816 /* PBXTargetDependency */ = {
			isa = PBXTargetDependency;
			target = 6F8491DE2CAC838000AA7816 /* coinmaind */;
			targetProxy = 6F8491F22CAC838100AA7816 /* PBXContainerItemProxy */;
		};
		6F8491FD2CAC838100AA7816 /* PBXTargetDependency */ = {
			isa = PBXTargetDependency;
			target = 6F8491DE2CAC838000AA7816 /* coinmaind */;
			targetProxy = 6F8491FC2CAC838100AA7816 /* PBXContainerItemProxy */;
		};
/* End PBXTargetDependency section */

/* Begin XCBuildConfiguration section */
		6F8492032CAC838100AA7816 /* Debug */ = {
			isa = XCBuildConfiguration;
			buildSettings = {
				ALWAYS_SEARCH_USER_PATHS = NO;
				ASSETCATALOG_COMPILER_GENERATE_SWIFT_ASSET_SYMBOL_EXTENSIONS = YES;
				CLANG_ANALYZER_NONNULL = YES;
				CLANG_ANALYZER_NUMBER_OBJECT_CONVERSION = YES_AGGRESSIVE;
				CLANG_CXX_LANGUAGE_STANDARD = "gnu++20";
				CLANG_ENABLE_MODULES = YES;
				CLANG_ENABLE_OBJC_ARC = YES;
				CLANG_ENABLE_OBJC_WEAK = YES;
				CLANG_WARN_BLOCK_CAPTURE_AUTORELEASING = YES;
				CLANG_WARN_BOOL_CONVERSION = YES;
				CLANG_WARN_COMMA = YES;
				CLANG_WARN_CONSTANT_CONVERSION = YES;
				CLANG_WARN_DEPRECATED_OBJC_IMPLEMENTATIONS = YES;
				CLANG_WARN_DIRECT_OBJC_ISA_USAGE = YES_ERROR;
				CLANG_WARN_DOCUMENTATION_COMMENTS = YES;
				CLANG_WARN_EMPTY_BODY = YES;
				CLANG_WARN_ENUM_CONVERSION = YES;
				CLANG_WARN_INFINITE_RECURSION = YES;
				CLANG_WARN_INT_CONVERSION = YES;
				CLANG_WARN_NON_LITERAL_NULL_CONVERSION = YES;
				CLANG_WARN_OBJC_IMPLICIT_RETAIN_SELF = YES;
				CLANG_WARN_OBJC_LITERAL_CONVERSION = YES;
				CLANG_WARN_OBJC_ROOT_CLASS = YES_ERROR;
				CLANG_WARN_QUOTED_INCLUDE_IN_FRAMEWORK_HEADER = YES;
				CLANG_WARN_RANGE_LOOP_ANALYSIS = YES;
				CLANG_WARN_STRICT_PROTOTYPES = YES;
				CLANG_WARN_SUSPICIOUS_MOVE = YES;
				CLANG_WARN_UNGUARDED_AVAILABILITY = YES_AGGRESSIVE;
				CLANG_WARN_UNREACHABLE_CODE = YES;
				CLANG_WARN__DUPLICATE_METHOD_MATCH = YES;
				COPY_PHASE_STRIP = NO;
				DEBUG_INFORMATION_FORMAT = dwarf;
				ENABLE_STRICT_OBJC_MSGSEND = YES;
				ENABLE_TESTABILITY = YES;
				ENABLE_USER_SCRIPT_SANDBOXING = YES;
				GCC_C_LANGUAGE_STANDARD = gnu17;
				GCC_DYNAMIC_NO_PIC = NO;
				GCC_NO_COMMON_BLOCKS = YES;
				GCC_OPTIMIZATION_LEVEL = 0;
				GCC_PREPROCESSOR_DEFINITIONS = (
					"DEBUG=1",
					"$(inherited)",
				);
				GCC_WARN_64_TO_32_BIT_CONVERSION = YES;
				GCC_WARN_ABOUT_RETURN_TYPE = YES_ERROR;
				GCC_WARN_UNDECLARED_SELECTOR = YES;
				GCC_WARN_UNINITIALIZED_AUTOS = YES_AGGRESSIVE;
				GCC_WARN_UNUSED_FUNCTION = YES;
				GCC_WARN_UNUSED_VARIABLE = YES;
				IPHONEOS_DEPLOYMENT_TARGET = 18.0;
				LOCALIZATION_PREFERS_STRING_CATALOGS = YES;
				MTL_ENABLE_DEBUG_INFO = INCLUDE_SOURCE;
				MTL_FAST_MATH = YES;
				ONLY_ACTIVE_ARCH = YES;
				SDKROOT = iphoneos;
				SWIFT_ACTIVE_COMPILATION_CONDITIONS = "DEBUG $(inherited)";
				SWIFT_OPTIMIZATION_LEVEL = "-Onone";
			};
			name = Debug;
		};
		6F8492042CAC838100AA7816 /* Release */ = {
			isa = XCBuildConfiguration;
			buildSettings = {
				ALWAYS_SEARCH_USER_PATHS = NO;
				ASSETCATALOG_COMPILER_GENERATE_SWIFT_ASSET_SYMBOL_EXTENSIONS = YES;
				CLANG_ANALYZER_NONNULL = YES;
				CLANG_ANALYZER_NUMBER_OBJECT_CONVERSION = YES_AGGRESSIVE;
				CLANG_CXX_LANGUAGE_STANDARD = "gnu++20";
				CLANG_ENABLE_MODULES = YES;
				CLANG_ENABLE_OBJC_ARC = YES;
				CLANG_ENABLE_OBJC_WEAK = YES;
				CLANG_WARN_BLOCK_CAPTURE_AUTORELEASING = YES;
				CLANG_WARN_BOOL_CONVERSION = YES;
				CLANG_WARN_COMMA = YES;
				CLANG_WARN_CONSTANT_CONVERSION = YES;
				CLANG_WARN_DEPRECATED_OBJC_IMPLEMENTATIONS = YES;
				CLANG_WARN_DIRECT_OBJC_ISA_USAGE = YES_ERROR;
				CLANG_WARN_DOCUMENTATION_COMMENTS = YES;
				CLANG_WARN_EMPTY_BODY = YES;
				CLANG_WARN_ENUM_CONVERSION = YES;
				CLANG_WARN_INFINITE_RECURSION = YES;
				CLANG_WARN_INT_CONVERSION = YES;
				CLANG_WARN_NON_LITERAL_NULL_CONVERSION = YES;
				CLANG_WARN_OBJC_IMPLICIT_RETAIN_SELF = YES;
				CLANG_WARN_OBJC_LITERAL_CONVERSION = YES;
				CLANG_WARN_OBJC_ROOT_CLASS = YES_ERROR;
				CLANG_WARN_QUOTED_INCLUDE_IN_FRAMEWORK_HEADER = YES;
				CLANG_WARN_RANGE_LOOP_ANALYSIS = YES;
				CLANG_WARN_STRICT_PROTOTYPES = YES;
				CLANG_WARN_SUSPICIOUS_MOVE = YES;
				CLANG_WARN_UNGUARDED_AVAILABILITY = YES_AGGRESSIVE;
				CLANG_WARN_UNREACHABLE_CODE = YES;
				CLANG_WARN__DUPLICATE_METHOD_MATCH = YES;
				COPY_PHASE_STRIP = NO;
				DEBUG_INFORMATION_FORMAT = "dwarf-with-dsym";
				ENABLE_NS_ASSERTIONS = NO;
				ENABLE_STRICT_OBJC_MSGSEND = YES;
				ENABLE_USER_SCRIPT_SANDBOXING = YES;
				GCC_C_LANGUAGE_STANDARD = gnu17;
				GCC_NO_COMMON_BLOCKS = YES;
				GCC_WARN_64_TO_32_BIT_CONVERSION = YES;
				GCC_WARN_ABOUT_RETURN_TYPE = YES_ERROR;
				GCC_WARN_UNDECLARED_SELECTOR = YES;
				GCC_WARN_UNINITIALIZED_AUTOS = YES_AGGRESSIVE;
				GCC_WARN_UNUSED_FUNCTION = YES;
				GCC_WARN_UNUSED_VARIABLE = YES;
				IPHONEOS_DEPLOYMENT_TARGET = 18.0;
				LOCALIZATION_PREFERS_STRING_CATALOGS = YES;
				MTL_ENABLE_DEBUG_INFO = NO;
				MTL_FAST_MATH = YES;
				SDKROOT = iphoneos;
				SWIFT_COMPILATION_MODE = wholemodule;
				VALIDATE_PRODUCT = YES;
			};
			name = Release;
		};
		6F8492062CAC838100AA7816 /* Debug */ = {
			isa = XCBuildConfiguration;
			buildSettings = {
				ASSETCATALOG_COMPILER_APPICON_NAME = AppIcon;
				ASSETCATALOG_COMPILER_GLOBAL_ACCENT_COLOR_NAME = AccentColor;
				CODE_SIGN_STYLE = Automatic;
				CURRENT_PROJECT_VERSION = 1;
				DEVELOPMENT_ASSET_PATHS = "\"coinmaind/Preview Content\"";
				DEVELOPMENT_TEAM = HG3KB3UXFA;
				ENABLE_PREVIEWS = YES;
				GENERATE_INFOPLIST_FILE = YES;
				INFOPLIST_KEY_UIApplicationSceneManifest_Generation = YES;
				INFOPLIST_KEY_UIApplicationSupportsIndirectInputEvents = YES;
				INFOPLIST_KEY_UILaunchScreen_Generation = YES;
				INFOPLIST_KEY_UISupportedInterfaceOrientations_iPad = "UIInterfaceOrientationPortrait UIInterfaceOrientationPortraitUpsideDown UIInterfaceOrientationLandscapeLeft UIInterfaceOrientationLandscapeRight";
				INFOPLIST_KEY_UISupportedInterfaceOrientations_iPhone = "UIInterfaceOrientationPortrait UIInterfaceOrientationLandscapeLeft UIInterfaceOrientationLandscapeRight";
				LD_RUNPATH_SEARCH_PATHS = (
					"$(inherited)",
					"@executable_path/Frameworks",
				);
				MARKETING_VERSION = 1.0;
				PRODUCT_BUNDLE_IDENTIFIER = com.ezequiel.coinmaind;
				PRODUCT_NAME = "$(TARGET_NAME)";
				SWIFT_EMIT_LOC_STRINGS = YES;
				SWIFT_VERSION = 5.0;
				TARGETED_DEVICE_FAMILY = "1,2";
			};
			name = Debug;
		};
		6F8492072CAC838100AA7816 /* Release */ = {
			isa = XCBuildConfiguration;
			buildSettings = {
				ASSETCATALOG_COMPILER_APPICON_NAME = AppIcon;
				ASSETCATALOG_COMPILER_GLOBAL_ACCENT_COLOR_NAME = AccentColor;
				CODE_SIGN_STYLE = Automatic;
				CURRENT_PROJECT_VERSION = 1;
				DEVELOPMENT_ASSET_PATHS = "\"coinmaind/Preview Content\"";
				DEVELOPMENT_TEAM = HG3KB3UXFA;
				ENABLE_PREVIEWS = YES;
				GENERATE_INFOPLIST_FILE = YES;
				INFOPLIST_KEY_UIApplicationSceneManifest_Generation = YES;
				INFOPLIST_KEY_UIApplicationSupportsIndirectInputEvents = YES;
				INFOPLIST_KEY_UILaunchScreen_Generation = YES;
				INFOPLIST_KEY_UISupportedInterfaceOrientations_iPad = "UIInterfaceOrientationPortrait UIInterfaceOrientationPortraitUpsideDown UIInterfaceOrientationLandscapeLeft UIInterfaceOrientationLandscapeRight";
				INFOPLIST_KEY_UISupportedInterfaceOrientations_iPhone = "UIInterfaceOrientationPortrait UIInterfaceOrientationLandscapeLeft UIInterfaceOrientationLandscapeRight";
				LD_RUNPATH_SEARCH_PATHS = (
					"$(inherited)",
					"@executable_path/Frameworks",
				);
				MARKETING_VERSION = 1.0;
				PRODUCT_BUNDLE_IDENTIFIER = com.ezequiel.coinmaind;
				PRODUCT_NAME = "$(TARGET_NAME)";
				SWIFT_EMIT_LOC_STRINGS = YES;
				SWIFT_VERSION = 5.0;
				TARGETED_DEVICE_FAMILY = "1,2";
			};
			name = Release;
		};
		6F8492092CAC838100AA7816 /* Debug */ = {
			isa = XCBuildConfiguration;
			buildSettings = {
				BUNDLE_LOADER = "$(TEST_HOST)";
				CODE_SIGN_STYLE = Automatic;
				CURRENT_PROJECT_VERSION = 1;
				DEVELOPMENT_TEAM = HG3KB3UXFA;
				GENERATE_INFOPLIST_FILE = YES;
				IPHONEOS_DEPLOYMENT_TARGET = 18.0;
				MARKETING_VERSION = 1.0;
				PRODUCT_BUNDLE_IDENTIFIER = com.ezequiel.coinmaindTests;
				PRODUCT_NAME = "$(TARGET_NAME)";
				SWIFT_EMIT_LOC_STRINGS = NO;
				SWIFT_VERSION = 5.0;
				TARGETED_DEVICE_FAMILY = "1,2";
				TEST_HOST = "$(BUILT_PRODUCTS_DIR)/coinmaind.app/$(BUNDLE_EXECUTABLE_FOLDER_PATH)/coinmaind";
			};
			name = Debug;
		};
		6F84920A2CAC838100AA7816 /* Release */ = {
			isa = XCBuildConfiguration;
			buildSettings = {
				BUNDLE_LOADER = "$(TEST_HOST)";
				CODE_SIGN_STYLE = Automatic;
				CURRENT_PROJECT_VERSION = 1;
				DEVELOPMENT_TEAM = HG3KB3UXFA;
				GENERATE_INFOPLIST_FILE = YES;
				IPHONEOS_DEPLOYMENT_TARGET = 18.0;
				MARKETING_VERSION = 1.0;
				PRODUCT_BUNDLE_IDENTIFIER = com.ezequiel.coinmaindTests;
				PRODUCT_NAME = "$(TARGET_NAME)";
				SWIFT_EMIT_LOC_STRINGS = NO;
				SWIFT_VERSION = 5.0;
				TARGETED_DEVICE_FAMILY = "1,2";
				TEST_HOST = "$(BUILT_PRODUCTS_DIR)/coinmaind.app/$(BUNDLE_EXECUTABLE_FOLDER_PATH)/coinmaind";
			};
			name = Release;
		};
		6F84920C2CAC838100AA7816 /* Debug */ = {
			isa = XCBuildConfiguration;
			buildSettings = {
				CODE_SIGN_STYLE = Automatic;
				CURRENT_PROJECT_VERSION = 1;
				DEVELOPMENT_TEAM = HG3KB3UXFA;
				GENERATE_INFOPLIST_FILE = YES;
				MARKETING_VERSION = 1.0;
				PRODUCT_BUNDLE_IDENTIFIER = com.ezequiel.coinmaindUITests;
				PRODUCT_NAME = "$(TARGET_NAME)";
				SWIFT_EMIT_LOC_STRINGS = NO;
				SWIFT_VERSION = 5.0;
				TARGETED_DEVICE_FAMILY = "1,2";
				TEST_TARGET_NAME = coinmaind;
			};
			name = Debug;
		};
		6F84920D2CAC838100AA7816 /* Release */ = {
			isa = XCBuildConfiguration;
			buildSettings = {
				CODE_SIGN_STYLE = Automatic;
				CURRENT_PROJECT_VERSION = 1;
				DEVELOPMENT_TEAM = HG3KB3UXFA;
				GENERATE_INFOPLIST_FILE = YES;
				MARKETING_VERSION = 1.0;
				PRODUCT_BUNDLE_IDENTIFIER = com.ezequiel.coinmaindUITests;
				PRODUCT_NAME = "$(TARGET_NAME)";
				SWIFT_EMIT_LOC_STRINGS = NO;
				SWIFT_VERSION = 5.0;
				TARGETED_DEVICE_FAMILY = "1,2";
				TEST_TARGET_NAME = coinmaind;
			};
			name = Release;
		};
/* End XCBuildConfiguration section */

/* Begin XCConfigurationList section */
		6F8491DA2CAC838000AA7816 /* Build configuration list for PBXProject "coinmaind" */ = {
			isa = XCConfigurationList;
			buildConfigurations = (
				6F8492032CAC838100AA7816 /* Debug */,
				6F8492042CAC838100AA7816 /* Release */,
			);
			defaultConfigurationIsVisible = 0;
			defaultConfigurationName = Release;
		};
		6F8492052CAC838100AA7816 /* Build configuration list for PBXNativeTarget "coinmaind" */ = {
			isa = XCConfigurationList;
			buildConfigurations = (
				6F8492062CAC838100AA7816 /* Debug */,
				6F8492072CAC838100AA7816 /* Release */,
			);
			defaultConfigurationIsVisible = 0;
			defaultConfigurationName = Release;
		};
		6F8492082CAC838100AA7816 /* Build configuration list for PBXNativeTarget "coinmaindTests" */ = {
			isa = XCConfigurationList;
			buildConfigurations = (
				6F8492092CAC838100AA7816 /* Debug */,
				6F84920A2CAC838100AA7816 /* Release */,
			);
			defaultConfigurationIsVisible = 0;
			defaultConfigurationName = Release;
		};
		6F84920B2CAC838100AA7816 /* Build configuration list for PBXNativeTarget "coinmaindUITests" */ = {
			isa = XCConfigurationList;
			buildConfigurations = (
				6F84920C2CAC838100AA7816 /* Debug */,
				6F84920D2CAC838100AA7816 /* Release */,
			);
			defaultConfigurationIsVisible = 0;
			defaultConfigurationName = Release;
		};
/* End XCConfigurationList section */

/* Begin XCLocalSwiftPackageReference section */
		6F8492902CAC85BB00AA7816 /* XCLocalSwiftPackageReference "../iOSDesignSystem" */ = {
			isa = XCLocalSwiftPackageReference;
			relativePath = ../iOSDesignSystem;
		};
/* End XCLocalSwiftPackageReference section */

/* Begin XCSwiftPackageProductDependency section */
		6F8492912CAC85BB00AA7816 /* iOSDesignSystem */ = {
			isa = XCSwiftPackageProductDependency;
			productName = iOSDesignSystem;
		};
/* End XCSwiftPackageProductDependency section */
	};
	rootObject = 6F8491D72CAC838000AA7816 /* Project object */;
}
